version = 1
requires-python = "==3.12.4"

[[package]]
name = "blinker"
version = "1.8.2"
source = { registry = "https://pypi.org/simple" }
sdist = { url = "https://files.pythonhosted.org/packages/1e/57/a6a1721eff09598fb01f3c7cda070c1b6a0f12d63c83236edf79a440abcc/blinker-1.8.2.tar.gz", hash = "sha256:8f77b09d3bf7c795e969e9486f39c2c5e9c39d4ee07424be2bc594ece9642d83", size = 23161 }
wheels = [
    { url = "https://files.pythonhosted.org/packages/bb/2a/10164ed1f31196a2f7f3799368a821765c62851ead0e630ab52b8e14b4d0/blinker-1.8.2-py3-none-any.whl", hash = "sha256:1779309f71bf239144b9399d06ae925637cf6634cf6bd131104184531bf67c01", size = 9456 },
]

[[package]]
name = "brotli"
version = "1.1.0"
source = { registry = "https://pypi.org/simple" }
sdist = { url = "https://files.pythonhosted.org/packages/2f/c2/f9e977608bdf958650638c3f1e28f85a1b075f075ebbe77db8555463787b/Brotli-1.1.0.tar.gz", hash = "sha256:81de08ac11bcb85841e440c13611c00b67d3bf82698314928d0b676362546724", size = 7372270 }
wheels = [
    { url = "https://files.pythonhosted.org/packages/06/88/564958cedce636d0f1bed313381dfc4b4e3d3f6015a63dae6146e1b8c65c/Brotli-1.1.0-cp312-cp312-macosx_10_9_universal2.whl", hash = "sha256:316cc9b17edf613ac76b1f1f305d2a748f1b976b033b049a6ecdfd5612c70409", size = 873081 },
    { url = "https://files.pythonhosted.org/packages/58/79/b7026a8bb65da9a6bb7d14329fd2bd48d2b7f86d7329d5cc8ddc6a90526f/Brotli-1.1.0-cp312-cp312-macosx_10_9_x86_64.whl", hash = "sha256:caf9ee9a5775f3111642d33b86237b05808dafcd6268faa492250e9b78046eb2", size = 446244 },
    { url = "https://files.pythonhosted.org/packages/e5/18/c18c32ecea41b6c0004e15606e274006366fe19436b6adccc1ae7b2e50c2/Brotli-1.1.0-cp312-cp312-manylinux_2_17_aarch64.manylinux2014_aarch64.whl", hash = "sha256:70051525001750221daa10907c77830bc889cb6d865cc0b813d9db7fefc21451", size = 2906505 },
    { url = "https://files.pythonhosted.org/packages/08/c8/69ec0496b1ada7569b62d85893d928e865df29b90736558d6c98c2031208/Brotli-1.1.0-cp312-cp312-manylinux_2_17_ppc64le.manylinux2014_ppc64le.whl", hash = "sha256:7f4bf76817c14aa98cc6697ac02f3972cb8c3da93e9ef16b9c66573a68014f91", size = 2944152 },
    { url = "https://files.pythonhosted.org/packages/ab/fb/0517cea182219d6768113a38167ef6d4eb157a033178cc938033a552ed6d/Brotli-1.1.0-cp312-cp312-manylinux_2_17_x86_64.manylinux2014_x86_64.whl", hash = "sha256:d0c5516f0aed654134a2fc936325cc2e642f8a0e096d075209672eb321cff408", size = 2919252 },
    { url = "https://files.pythonhosted.org/packages/c7/53/73a3431662e33ae61a5c80b1b9d2d18f58dfa910ae8dd696e57d39f1a2f5/Brotli-1.1.0-cp312-cp312-manylinux_2_5_i686.manylinux1_i686.manylinux_2_17_i686.manylinux2014_i686.whl", hash = "sha256:6c3020404e0b5eefd7c9485ccf8393cfb75ec38ce75586e046573c9dc29967a0", size = 2845955 },
    { url = "https://files.pythonhosted.org/packages/55/ac/bd280708d9c5ebdbf9de01459e625a3e3803cce0784f47d633562cf40e83/Brotli-1.1.0-cp312-cp312-musllinux_1_1_aarch64.whl", hash = "sha256:4ed11165dd45ce798d99a136808a794a748d5dc38511303239d4e2363c0695dc", size = 2914304 },
    { url = "https://files.pythonhosted.org/packages/76/58/5c391b41ecfc4527d2cc3350719b02e87cb424ef8ba2023fb662f9bf743c/Brotli-1.1.0-cp312-cp312-musllinux_1_1_i686.whl", hash = "sha256:4093c631e96fdd49e0377a9c167bfd75b6d0bad2ace734c6eb20b348bc3ea180", size = 2814452 },
    { url = "https://files.pythonhosted.org/packages/c7/4e/91b8256dfe99c407f174924b65a01f5305e303f486cc7a2e8a5d43c8bec3/Brotli-1.1.0-cp312-cp312-musllinux_1_1_ppc64le.whl", hash = "sha256:7e4c4629ddad63006efa0ef968c8e4751c5868ff0b1c5c40f76524e894c50248", size = 2938751 },
    { url = "https://files.pythonhosted.org/packages/5a/a6/e2a39a5d3b412938362bbbeba5af904092bf3f95b867b4a3eb856104074e/Brotli-1.1.0-cp312-cp312-musllinux_1_1_x86_64.whl", hash = "sha256:861bf317735688269936f755fa136a99d1ed526883859f86e41a5d43c61d8966", size = 2933757 },
    { url = "https://files.pythonhosted.org/packages/5f/3b/4e3fd1893eb3bbfef8e5a80d4508bec17a57bb92d586c85c12d28666bb13/Brotli-1.1.0-cp312-cp312-win32.whl", hash = "sha256:5f4d5ea15c9382135076d2fb28dde923352fe02951e66935a9efaac8f10e81b0", size = 333276 },
    { url = "https://files.pythonhosted.org/packages/3d/d5/942051b45a9e883b5b6e98c041698b1eb2012d25e5948c58d6bf85b1bb43/Brotli-1.1.0-cp312-cp312-win_amd64.whl", hash = "sha256:906bc3a79de8c4ae5b86d3d75a8b77e44404b0f4261714306e3ad248d8ab0951", size = 357255 },
]

[[package]]
name = "brotlicffi"
version = "1.1.0.0"
source = { registry = "https://pypi.org/simple" }
dependencies = [
    { name = "cffi" },
]
sdist = { url = "https://files.pythonhosted.org/packages/95/9d/70caa61192f570fcf0352766331b735afa931b4c6bc9a348a0925cc13288/brotlicffi-1.1.0.0.tar.gz", hash = "sha256:b77827a689905143f87915310b93b273ab17888fd43ef350d4832c4a71083c13", size = 465192 }
wheels = [
    { url = "https://files.pythonhosted.org/packages/a2/11/7b96009d3dcc2c931e828ce1e157f03824a69fb728d06bfd7b2fc6f93718/brotlicffi-1.1.0.0-cp37-abi3-macosx_10_9_x86_64.whl", hash = "sha256:9b7ae6bd1a3f0df532b6d67ff674099a96d22bc0948955cb338488c31bfb8851", size = 453786 },
    { url = "https://files.pythonhosted.org/packages/d6/e6/a8f46f4a4ee7856fbd6ac0c6fb0dc65ed181ba46cd77875b8d9bbe494d9e/brotlicffi-1.1.0.0-cp37-abi3-manylinux_2_17_aarch64.manylinux2014_aarch64.whl", hash = "sha256:19ffc919fa4fc6ace69286e0a23b3789b4219058313cf9b45625016bf7ff996b", size = 2911165 },
    { url = "https://files.pythonhosted.org/packages/be/20/201559dff14e83ba345a5ec03335607e47467b6633c210607e693aefac40/brotlicffi-1.1.0.0-cp37-abi3-manylinux_2_17_x86_64.manylinux2014_x86_64.whl", hash = "sha256:9feb210d932ffe7798ee62e6145d3a757eb6233aa9a4e7db78dd3690d7755814", size = 2927895 },
    { url = "https://files.pythonhosted.org/packages/cd/15/695b1409264143be3c933f708a3f81d53c4a1e1ebbc06f46331decbf6563/brotlicffi-1.1.0.0-cp37-abi3-manylinux_2_5_i686.manylinux1_i686.manylinux_2_17_i686.manylinux2014_i686.whl", hash = "sha256:84763dbdef5dd5c24b75597a77e1b30c66604725707565188ba54bab4f114820", size = 2851834 },
    { url = "https://files.pythonhosted.org/packages/b4/40/b961a702463b6005baf952794c2e9e0099bde657d0d7e007f923883b907f/brotlicffi-1.1.0.0-cp37-abi3-win32.whl", hash = "sha256:1b12b50e07c3911e1efa3a8971543e7648100713d4e0971b13631cce22c587eb", size = 341731 },
    { url = "https://files.pythonhosted.org/packages/1c/fa/5408a03c041114ceab628ce21766a4ea882aa6f6f0a800e04ee3a30ec6b9/brotlicffi-1.1.0.0-cp37-abi3-win_amd64.whl", hash = "sha256:994a4f0681bb6c6c3b0925530a1926b7a189d878e6e5e38fae8efa47c5d9c613", size = 366783 },
]

[[package]]
name = "certifi"
version = "2024.7.4"
source = { registry = "https://pypi.org/simple" }
sdist = { url = "https://files.pythonhosted.org/packages/c2/02/a95f2b11e207f68bc64d7aae9666fed2e2b3f307748d5123dffb72a1bbea/certifi-2024.7.4.tar.gz", hash = "sha256:5a1e7645bc0ec61a09e26c36f6106dd4cf40c6db3a1fb6352b0244e7fb057c7b", size = 164065 }
wheels = [
    { url = "https://files.pythonhosted.org/packages/1c/d5/c84e1a17bf61d4df64ca866a1c9a913874b4e9bdc131ec689a0ad013fb36/certifi-2024.7.4-py3-none-any.whl", hash = "sha256:c198e21b1289c2ab85ee4e67bb4b4ef3ead0892059901a8d5b622f24a1101e90", size = 162960 },
]

[[package]]
name = "cffi"
version = "1.17.0"
source = { registry = "https://pypi.org/simple" }
dependencies = [
    { name = "pycparser" },
]
sdist = { url = "https://files.pythonhosted.org/packages/1e/bf/82c351342972702867359cfeba5693927efe0a8dd568165490144f554b18/cffi-1.17.0.tar.gz", hash = "sha256:f3157624b7558b914cb039fd1af735e5e8049a87c817cc215109ad1c8779df76", size = 516073 }
wheels = [
    { url = "https://files.pythonhosted.org/packages/1a/1f/7862231350cc959a3138889d2c8d33da7042b22e923457dfd4cd487d772a/cffi-1.17.0-cp312-cp312-macosx_10_9_x86_64.whl", hash = "sha256:aec510255ce690d240f7cb23d7114f6b351c733a74c279a84def763660a2c3bc", size = 182826 },
    { url = "https://files.pythonhosted.org/packages/8b/8c/26119bf8b79e05a1c39812064e1ee7981e1f8a5372205ba5698ea4dd958d/cffi-1.17.0-cp312-cp312-macosx_11_0_arm64.whl", hash = "sha256:2770bb0d5e3cc0e31e7318db06efcbcdb7b31bcb1a70086d3177692a02256f59", size = 178494 },
    { url = "https://files.pythonhosted.org/packages/61/94/4882c47d3ad396d91f0eda6ef16d45be3d752a332663b7361933039ed66a/cffi-1.17.0-cp312-cp312-manylinux_2_12_i686.manylinux2010_i686.manylinux_2_17_i686.manylinux2014_i686.whl", hash = "sha256:db9a30ec064129d605d0f1aedc93e00894b9334ec74ba9c6bdd08147434b33eb", size = 454459 },
    { url = "https://files.pythonhosted.org/packages/0f/7c/a6beb119ad515058c5ee1829742d96b25b2b9204ff920746f6e13bf574eb/cffi-1.17.0-cp312-cp312-manylinux_2_17_aarch64.manylinux2014_aarch64.whl", hash = "sha256:a47eef975d2b8b721775a0fa286f50eab535b9d56c70a6e62842134cf7841195", size = 478502 },
    { url = "https://files.pythonhosted.org/packages/61/8a/2575cd01a90e1eca96a30aec4b1ac101a6fae06c49d490ac2704fa9bc8ba/cffi-1.17.0-cp312-cp312-manylinux_2_17_ppc64le.manylinux2014_ppc64le.whl", hash = "sha256:f3e0992f23bbb0be00a921eae5363329253c3b86287db27092461c887b791e5e", size = 485381 },
    { url = "https://files.pythonhosted.org/packages/cd/66/85899f5a9f152db49646e0c77427173e1b77a1046de0191ab3b0b9a5e6e3/cffi-1.17.0-cp312-cp312-manylinux_2_17_s390x.manylinux2014_s390x.whl", hash = "sha256:6107e445faf057c118d5050560695e46d272e5301feffda3c41849641222a828", size = 470907 },
    { url = "https://files.pythonhosted.org/packages/00/13/150924609bf377140abe6e934ce0a57f3fc48f1fd956ec1f578ce97a4624/cffi-1.17.0-cp312-cp312-manylinux_2_17_x86_64.manylinux2014_x86_64.whl", hash = "sha256:eb862356ee9391dc5a0b3cbc00f416b48c1b9a52d252d898e5b7696a5f9fe150", size = 479074 },
    { url = "https://files.pythonhosted.org/packages/17/fd/7d73d7110155c036303b0a6462c56250e9bc2f4119d7591d27417329b4d1/cffi-1.17.0-cp312-cp312-musllinux_1_1_aarch64.whl", hash = "sha256:c1c13185b90bbd3f8b5963cd8ce7ad4ff441924c31e23c975cb150e27c2bf67a", size = 484225 },
    { url = "https://files.pythonhosted.org/packages/fc/83/8353e5c9b01bb46332dac3dfb18e6c597a04ceb085c19c814c2f78a8c0d0/cffi-1.17.0-cp312-cp312-musllinux_1_1_x86_64.whl", hash = "sha256:17c6d6d3260c7f2d94f657e6872591fe8733872a86ed1345bda872cfc8c74885", size = 488388 },
    { url = "https://files.pythonhosted.org/packages/73/0c/f9d5ca9a095b1fc88ef77d1f8b85d11151c374144e4606da33874e17b65b/cffi-1.17.0-cp312-cp312-win32.whl", hash = "sha256:c3b8bd3133cd50f6b637bb4322822c94c5ce4bf0d724ed5ae70afce62187c492", size = 172096 },
    { url = "https://files.pythonhosted.org/packages/72/21/8c5d285fe20a6e31d29325f1287bb0e55f7d93630a5a44cafdafb5922495/cffi-1.17.0-cp312-cp312-win_amd64.whl", hash = "sha256:dca802c8db0720ce1c49cce1149ff7b06e91ba15fa84b1d59144fef1a1bc7ac2", size = 181478 },
    { url = "https://files.pythonhosted.org/packages/17/8f/581f2f3c3464d5f7cf87c2f7a5ba9acc6976253e02d73804240964243ec2/cffi-1.17.0-cp313-cp313-macosx_10_13_x86_64.whl", hash = "sha256:6ce01337d23884b21c03869d2f68c5523d43174d4fc405490eb0091057943118", size = 182638 },
    { url = "https://files.pythonhosted.org/packages/8d/1c/c9afa66684b7039f48018eb11b229b659dfb32b7a16b88251bac106dd1ff/cffi-1.17.0-cp313-cp313-macosx_11_0_arm64.whl", hash = "sha256:cab2eba3830bf4f6d91e2d6718e0e1c14a2f5ad1af68a89d24ace0c6b17cced7", size = 178453 },
    { url = "https://files.pythonhosted.org/packages/cc/b6/1a134d479d3a5a1ff2fabbee551d1d3f1dd70f453e081b5f70d604aae4c0/cffi-1.17.0-cp313-cp313-manylinux_2_12_i686.manylinux2010_i686.manylinux_2_17_i686.manylinux2014_i686.whl", hash = "sha256:14b9cbc8f7ac98a739558eb86fabc283d4d564dafed50216e7f7ee62d0d25377", size = 454441 },
    { url = "https://files.pythonhosted.org/packages/b1/b4/e1569475d63aad8042b0935dbf62ae2a54d1e9142424e2b0e924d2d4a529/cffi-1.17.0-cp313-cp313-manylinux_2_17_aarch64.manylinux2014_aarch64.whl", hash = "sha256:b00e7bcd71caa0282cbe3c90966f738e2db91e64092a877c3ff7f19a1628fdcb", size = 478543 },
    { url = "https://files.pythonhosted.org/packages/d2/40/a9ad03fbd64309dec5bb70bc803a9a6772602de0ee164d7b9a6ca5a89249/cffi-1.17.0-cp313-cp313-manylinux_2_17_ppc64le.manylinux2014_ppc64le.whl", hash = "sha256:41f4915e09218744d8bae14759f983e466ab69b178de38066f7579892ff2a555", size = 485463 },
    { url = "https://files.pythonhosted.org/packages/a6/1a/f10be60e006dd9242a24bcc2b1cd55c34c578380100f742d8c610f7a5d26/cffi-1.17.0-cp313-cp313-manylinux_2_17_s390x.manylinux2014_s390x.whl", hash = "sha256:e4760a68cab57bfaa628938e9c2971137e05ce48e762a9cb53b76c9b569f1204", size = 470854 },
    { url = "https://files.pythonhosted.org/packages/cc/b3/c035ed21aa3d39432bd749fe331ee90e4bc83ea2dbed1f71c4bc26c41084/cffi-1.17.0-cp313-cp313-manylinux_2_17_x86_64.manylinux2014_x86_64.whl", hash = "sha256:011aff3524d578a9412c8b3cfaa50f2c0bd78e03eb7af7aa5e0df59b158efb2f", size = 479096 },
    { url = "https://files.pythonhosted.org/packages/00/cb/6f7edde01131de9382c89430b8e253b8c8754d66b63a62059663ceafeab2/cffi-1.17.0-cp313-cp313-musllinux_1_1_aarch64.whl", hash = "sha256:a003ac9edc22d99ae1286b0875c460351f4e101f8c9d9d2576e78d7e048f64e0", size = 484013 },
    { url = "https://files.pythonhosted.org/packages/b9/83/8e4e8c211ea940210d293e951bf06b1bfb90f2eeee590e9778e99b4a8676/cffi-1.17.0-cp313-cp313-musllinux_1_1_x86_64.whl", hash = "sha256:ef9528915df81b8f4c7612b19b8628214c65c9b7f74db2e34a646a0a2a0da2d4", size = 488119 },
    { url = "https://files.pythonhosted.org/packages/5e/52/3f7cfbc4f444cb4f73ff17b28690d12436dde665f67d68f1e1687908ab6c/cffi-1.17.0-cp313-cp313-win32.whl", hash = "sha256:70d2aa9fb00cf52034feac4b913181a6e10356019b18ef89bc7c12a283bf5f5a", size = 172122 },
    { url = "https://files.pythonhosted.org/packages/94/19/cf5baa07ee0f0e55eab7382459fbddaba0fdb0ba45973dd92556ae0d02db/cffi-1.17.0-cp313-cp313-win_amd64.whl", hash = "sha256:b7b6ea9e36d32582cda3465f54c4b454f62f23cb083ebc7a94e2ca6ef011c3a7", size = 181504 },
]

[[package]]
name = "click"
version = "8.1.7"
source = { registry = "https://pypi.org/simple" }
dependencies = [
    { name = "colorama", marker = "platform_system == 'Windows'" },
]
sdist = { url = "https://files.pythonhosted.org/packages/96/d3/f04c7bfcf5c1862a2a5b845c6b2b360488cf47af55dfa79c98f6a6bf98b5/click-8.1.7.tar.gz", hash = "sha256:ca9853ad459e787e2192211578cc907e7594e294c7ccc834310722b41b9ca6de", size = 336121 }
wheels = [
    { url = "https://files.pythonhosted.org/packages/00/2e/d53fa4befbf2cfa713304affc7ca780ce4fc1fd8710527771b58311a3229/click-8.1.7-py3-none-any.whl", hash = "sha256:ae74fb96c20a0277a1d615f1e4d73c8414f5a98db8b799a7931d1582f3390c28", size = 97941 },
]

[[package]]
name = "colorama"
version = "0.4.6"
source = { registry = "https://pypi.org/simple" }
sdist = { url = "https://files.pythonhosted.org/packages/d8/53/6f443c9a4a8358a93a6792e2acffb9d9d5cb0a5cfd8802644b7b1c9a02e4/colorama-0.4.6.tar.gz", hash = "sha256:08695f5cb7ed6e0531a20572697297273c47b8cae5a63ffc6d6ed5c201be6e44", size = 27697 }
wheels = [
    { url = "https://files.pythonhosted.org/packages/d1/d6/3965ed04c63042e047cb6a3e6ed1a63a35087b6a609aa3a15ed8ac56c221/colorama-0.4.6-py2.py3-none-any.whl", hash = "sha256:4f1d9991f5acc0ca119f9d443620b77f9d6b33703e51011c16baf57afb285fc6", size = 25335 },
]

[[package]]
name = "cssselect2"
version = "0.7.0"
source = { registry = "https://pypi.org/simple" }
dependencies = [
    { name = "tinycss2" },
    { name = "webencodings" },
]
sdist = { url = "https://files.pythonhosted.org/packages/e7/fc/326cb6f988905998f09bb54a3f5d98d4462ba119363c0dfad29750d48c09/cssselect2-0.7.0.tar.gz", hash = "sha256:1ccd984dab89fc68955043aca4e1b03e0cf29cad9880f6e28e3ba7a74b14aa5a", size = 35888 }
wheels = [
    { url = "https://files.pythonhosted.org/packages/9d/3a/e39436efe51894243ff145a37c4f9a030839b97779ebcc4f13b3ba21c54e/cssselect2-0.7.0-py3-none-any.whl", hash = "sha256:fd23a65bfd444595913f02fc71f6b286c29261e354c41d722ca7a261a49b5969", size = 15586 },
]

[[package]]
name = "flask"
version = "3.0.3"
source = { registry = "https://pypi.org/simple" }
dependencies = [
    { name = "blinker" },
    { name = "click" },
    { name = "itsdangerous" },
    { name = "jinja2" },
    { name = "werkzeug" },
]
sdist = { url = "https://files.pythonhosted.org/packages/41/e1/d104c83026f8d35dfd2c261df7d64738341067526406b40190bc063e829a/flask-3.0.3.tar.gz", hash = "sha256:ceb27b0af3823ea2737928a4d99d125a06175b8512c445cbd9a9ce200ef76842", size = 676315 }
wheels = [
    { url = "https://files.pythonhosted.org/packages/61/80/ffe1da13ad9300f87c93af113edd0638c75138c42a0994becfacac078c06/flask-3.0.3-py3-none-any.whl", hash = "sha256:34e815dfaa43340d1d15a5c3a02b8476004037eb4840b34910c6e21679d288f3", size = 101735 },
]

[[package]]
name = "fonttools"
version = "4.53.1"
source = { registry = "https://pypi.org/simple" }
sdist = { url = "https://files.pythonhosted.org/packages/c6/cb/cd80a0da995adde8ade6044a8744aee0da5efea01301cadf770f7fbe7dcc/fonttools-4.53.1.tar.gz", hash = "sha256:e128778a8e9bc11159ce5447f76766cefbd876f44bd79aff030287254e4752c4", size = 3452797 }
wheels = [
    { url = "https://files.pythonhosted.org/packages/87/63/8271f50f3e7bff8b78e03914c4c2893f2f21bd4db2975c60d11ecfbdd174/fonttools-4.53.1-cp312-cp312-macosx_10_9_universal2.whl", hash = "sha256:d92d3c2a1b39631a6131c2fa25b5406855f97969b068e7e08413325bc0afba58", size = 2756146 },
    { url = "https://files.pythonhosted.org/packages/dd/bd/cb8fd2dddd68089c112bf42a88afe188b8ace73f94406539857dcc9347a6/fonttools-4.53.1-cp312-cp312-macosx_11_0_arm64.whl", hash = "sha256:3b3c8ebafbee8d9002bd8f1195d09ed2bd9ff134ddec37ee8f6a6375e6a4f0e8", size = 2244990 },
    { url = "https://files.pythonhosted.org/packages/ae/71/2b9761e25697bdaf3dfe8269541bd4324f3eb0e4cc13f71d7f90cd272394/fonttools-4.53.1-cp312-cp312-manylinux_2_17_aarch64.manylinux2014_aarch64.whl", hash = "sha256:32f029c095ad66c425b0ee85553d0dc326d45d7059dbc227330fc29b43e8ba60", size = 4787604 },
    { url = "https://files.pythonhosted.org/packages/db/2b/5779cfd48625e013c2dfcf0c246474d5b1f5d061a5f1e476037bf9fff3a3/fonttools-4.53.1-cp312-cp312-manylinux_2_5_x86_64.manylinux1_x86_64.manylinux_2_17_x86_64.manylinux2014_x86_64.whl", hash = "sha256:10f5e6c3510b79ea27bb1ebfcc67048cde9ec67afa87c7dd7efa5c700491ac7f", size = 4871141 },
    { url = "https://files.pythonhosted.org/packages/b8/3d/ac3cec35a503bf789d03e9d155a220c9e574f4f1573f00a3bea55695d535/fonttools-4.53.1-cp312-cp312-musllinux_1_2_aarch64.whl", hash = "sha256:f677ce218976496a587ab17140da141557beb91d2a5c1a14212c994093f2eae2", size = 4764714 },
    { url = "https://files.pythonhosted.org/packages/ac/9f/27135ac0328e22cca1ba23ee6a1a1f971c13e9f0387adc5598d4635c501d/fonttools-4.53.1-cp312-cp312-musllinux_1_2_x86_64.whl", hash = "sha256:9e6ceba2a01b448e36754983d376064730690401da1dd104ddb543519470a15f", size = 5023568 },
    { url = "https://files.pythonhosted.org/packages/04/40/44d6a94e52e91fe104f9ca95944466af34828992cbc66b666f541de137f1/fonttools-4.53.1-cp312-cp312-win32.whl", hash = "sha256:791b31ebbc05197d7aa096bbc7bd76d591f05905d2fd908bf103af4488e60670", size = 2147572 },
    { url = "https://files.pythonhosted.org/packages/6d/9a/b695930e1b4e6929cc60e294489421632a05c105ac8c56ee63ef56a47872/fonttools-4.53.1-cp312-cp312-win_amd64.whl", hash = "sha256:6ed170b5e17da0264b9f6fae86073be3db15fa1bd74061c8331022bca6d09bab", size = 2193313 },
    { url = "https://files.pythonhosted.org/packages/e4/b9/0394d67056d4ad36a3807b439571934b318f1df925593a95e9ec0516b1a7/fonttools-4.53.1-py3-none-any.whl", hash = "sha256:f1f8758a2ad110bd6432203a344269f445a2907dc24ef6bccfd0ac4e14e0d71d", size = 1090472 },
]

[package.optional-dependencies]
woff = [
    { name = "brotli", marker = "platform_python_implementation == 'CPython'" },
    { name = "brotlicffi", marker = "platform_python_implementation != 'CPython'" },
    { name = "zopfli" },
]

[[package]]
name = "html5lib"
version = "1.1"
source = { registry = "https://pypi.org/simple" }
dependencies = [
    { name = "six" },
    { name = "webencodings" },
]
sdist = { url = "https://files.pythonhosted.org/packages/ac/b6/b55c3f49042f1df3dcd422b7f224f939892ee94f22abcf503a9b7339eaf2/html5lib-1.1.tar.gz", hash = "sha256:b2e5b40261e20f354d198eae92afc10d750afb487ed5e50f9c4eaf07c184146f", size = 272215 }
wheels = [
    { url = "https://files.pythonhosted.org/packages/6c/dd/a834df6482147d48e225a49515aabc28974ad5a4ca3215c18a882565b028/html5lib-1.1-py2.py3-none-any.whl", hash = "sha256:0d78f8fde1c230e99fe37986a60526d7049ed4bf8a9fadbad5f00e22e58e041d", size = 112173 },
]

[[package]]
name = "itsdangerous"
version = "2.2.0"
source = { registry = "https://pypi.org/simple" }
sdist = { url = "https://files.pythonhosted.org/packages/9c/cb/8ac0172223afbccb63986cc25049b154ecfb5e85932587206f42317be31d/itsdangerous-2.2.0.tar.gz", hash = "sha256:e0050c0b7da1eea53ffaf149c0cfbb5c6e2e2b69c4bef22c81fa6eb73e5f6173", size = 54410 }
wheels = [
    { url = "https://files.pythonhosted.org/packages/04/96/92447566d16df59b2a776c0fb82dbc4d9e07cd95062562af01e408583fc4/itsdangerous-2.2.0-py3-none-any.whl", hash = "sha256:c6242fc49e35958c8b15141343aa660db5fc54d4f13a1db01a3f5891b98700ef", size = 16234 },
]

[[package]]
name = "jinja2"
version = "3.1.4"
source = { registry = "https://pypi.org/simple" }
dependencies = [
    { name = "markupsafe" },
]
sdist = { url = "https://files.pythonhosted.org/packages/ed/55/39036716d19cab0747a5020fc7e907f362fbf48c984b14e62127f7e68e5d/jinja2-3.1.4.tar.gz", hash = "sha256:4a3aee7acbbe7303aede8e9648d13b8bf88a429282aa6122a993f0ac800cb369", size = 240245 }
wheels = [
    { url = "https://files.pythonhosted.org/packages/31/80/3a54838c3fb461f6fec263ebf3a3a41771bd05190238de3486aae8540c36/jinja2-3.1.4-py3-none-any.whl", hash = "sha256:bc5dd2abb727a5319567b7a813e6a2e7318c39f4f487cfe6c89c6f9c7d25197d", size = 133271 },
]

[[package]]
name = "markupsafe"
version = "2.1.5"
source = { registry = "https://pypi.org/simple" }
sdist = { url = "https://files.pythonhosted.org/packages/87/5b/aae44c6655f3801e81aa3eef09dbbf012431987ba564d7231722f68df02d/MarkupSafe-2.1.5.tar.gz", hash = "sha256:d283d37a890ba4c1ae73ffadf8046435c76e7bc2247bbb63c00bd1a709c6544b", size = 19384 }
wheels = [
    { url = "https://files.pythonhosted.org/packages/53/bd/583bf3e4c8d6a321938c13f49d44024dbe5ed63e0a7ba127e454a66da974/MarkupSafe-2.1.5-cp312-cp312-macosx_10_9_universal2.whl", hash = "sha256:8dec4936e9c3100156f8a2dc89c4b88d5c435175ff03413b443469c7c8c5f4d1", size = 18215 },
    { url = "https://files.pythonhosted.org/packages/48/d6/e7cd795fc710292c3af3a06d80868ce4b02bfbbf370b7cee11d282815a2a/MarkupSafe-2.1.5-cp312-cp312-macosx_10_9_x86_64.whl", hash = "sha256:3c6b973f22eb18a789b1460b4b91bf04ae3f0c4234a0a6aa6b0a92f6f7b951d4", size = 14069 },
    { url = "https://files.pythonhosted.org/packages/51/b5/5d8ec796e2a08fc814a2c7d2584b55f889a55cf17dd1a90f2beb70744e5c/MarkupSafe-2.1.5-cp312-cp312-manylinux_2_17_aarch64.manylinux2014_aarch64.whl", hash = "sha256:ac07bad82163452a6884fe8fa0963fb98c2346ba78d779ec06bd7a6262132aee", size = 29452 },
    { url = "https://files.pythonhosted.org/packages/0a/0d/2454f072fae3b5a137c119abf15465d1771319dfe9e4acbb31722a0fff91/MarkupSafe-2.1.5-cp312-cp312-manylinux_2_17_x86_64.manylinux2014_x86_64.whl", hash = "sha256:f5dfb42c4604dddc8e4305050aa6deb084540643ed5804d7455b5df8fe16f5e5", size = 28462 },
    { url = "https://files.pythonhosted.org/packages/2d/75/fd6cb2e68780f72d47e6671840ca517bda5ef663d30ada7616b0462ad1e3/MarkupSafe-2.1.5-cp312-cp312-manylinux_2_5_i686.manylinux1_i686.manylinux_2_17_i686.manylinux2014_i686.whl", hash = "sha256:ea3d8a3d18833cf4304cd2fc9cbb1efe188ca9b5efef2bdac7adc20594a0e46b", size = 27869 },
    { url = "https://files.pythonhosted.org/packages/b0/81/147c477391c2750e8fc7705829f7351cf1cd3be64406edcf900dc633feb2/MarkupSafe-2.1.5-cp312-cp312-musllinux_1_1_aarch64.whl", hash = "sha256:d050b3361367a06d752db6ead6e7edeb0009be66bc3bae0ee9d97fb326badc2a", size = 33906 },
    { url = "https://files.pythonhosted.org/packages/8b/ff/9a52b71839d7a256b563e85d11050e307121000dcebc97df120176b3ad93/MarkupSafe-2.1.5-cp312-cp312-musllinux_1_1_i686.whl", hash = "sha256:bec0a414d016ac1a18862a519e54b2fd0fc8bbfd6890376898a6c0891dd82e9f", size = 32296 },
    { url = "https://files.pythonhosted.org/packages/88/07/2dc76aa51b481eb96a4c3198894f38b480490e834479611a4053fbf08623/MarkupSafe-2.1.5-cp312-cp312-musllinux_1_1_x86_64.whl", hash = "sha256:58c98fee265677f63a4385256a6d7683ab1832f3ddd1e66fe948d5880c21a169", size = 33038 },
    { url = "https://files.pythonhosted.org/packages/96/0c/620c1fb3661858c0e37eb3cbffd8c6f732a67cd97296f725789679801b31/MarkupSafe-2.1.5-cp312-cp312-win32.whl", hash = "sha256:8590b4ae07a35970728874632fed7bd57b26b0102df2d2b233b6d9d82f6c62ad", size = 16572 },
    { url = "https://files.pythonhosted.org/packages/3f/14/c3554d512d5f9100a95e737502f4a2323a1959f6d0d01e0d0997b35f7b10/MarkupSafe-2.1.5-cp312-cp312-win_amd64.whl", hash = "sha256:823b65d8706e32ad2df51ed89496147a42a2a6e01c13cfb6ffb8b1e92bc910bb", size = 17127 },
]

[[package]]
name = "pillow"
version = "10.4.0"
source = { registry = "https://pypi.org/simple" }
sdist = { url = "https://files.pythonhosted.org/packages/cd/74/ad3d526f3bf7b6d3f408b73fde271ec69dfac8b81341a318ce825f2b3812/pillow-10.4.0.tar.gz", hash = "sha256:166c1cd4d24309b30d61f79f4a9114b7b2313d7450912277855ff5dfd7cd4a06", size = 46555059 }
wheels = [
    { url = "https://files.pythonhosted.org/packages/05/cb/0353013dc30c02a8be34eb91d25e4e4cf594b59e5a55ea1128fde1e5f8ea/pillow-10.4.0-cp312-cp312-macosx_10_10_x86_64.whl", hash = "sha256:673655af3eadf4df6b5457033f086e90299fdd7a47983a13827acf7459c15d94", size = 3509350 },
    { url = "https://files.pythonhosted.org/packages/e7/cf/5c558a0f247e0bf9cec92bff9b46ae6474dd736f6d906315e60e4075f737/pillow-10.4.0-cp312-cp312-macosx_11_0_arm64.whl", hash = "sha256:866b6942a92f56300012f5fbac71f2d610312ee65e22f1aa2609e491284e5597", size = 3374980 },
    { url = "https://files.pythonhosted.org/packages/84/48/6e394b86369a4eb68b8a1382c78dc092245af517385c086c5094e3b34428/pillow-10.4.0-cp312-cp312-manylinux_2_17_aarch64.manylinux2014_aarch64.whl", hash = "sha256:29dbdc4207642ea6aad70fbde1a9338753d33fb23ed6956e706936706f52dd80", size = 4343799 },
    { url = "https://files.pythonhosted.org/packages/3b/f3/a8c6c11fa84b59b9df0cd5694492da8c039a24cd159f0f6918690105c3be/pillow-10.4.0-cp312-cp312-manylinux_2_17_x86_64.manylinux2014_x86_64.whl", hash = "sha256:bf2342ac639c4cf38799a44950bbc2dfcb685f052b9e262f446482afaf4bffca", size = 4459973 },
    { url = "https://files.pythonhosted.org/packages/7d/1b/c14b4197b80150fb64453585247e6fb2e1d93761fa0fa9cf63b102fde822/pillow-10.4.0-cp312-cp312-manylinux_2_28_aarch64.whl", hash = "sha256:f5b92f4d70791b4a67157321c4e8225d60b119c5cc9aee8ecf153aace4aad4ef", size = 4370054 },
    { url = "https://files.pythonhosted.org/packages/55/77/40daddf677897a923d5d33329acd52a2144d54a9644f2a5422c028c6bf2d/pillow-10.4.0-cp312-cp312-manylinux_2_28_x86_64.whl", hash = "sha256:86dcb5a1eb778d8b25659d5e4341269e8590ad6b4e8b44d9f4b07f8d136c414a", size = 4539484 },
    { url = "https://files.pythonhosted.org/packages/40/54/90de3e4256b1207300fb2b1d7168dd912a2fb4b2401e439ba23c2b2cabde/pillow-10.4.0-cp312-cp312-musllinux_1_2_aarch64.whl", hash = "sha256:780c072c2e11c9b2c7ca37f9a2ee8ba66f44367ac3e5c7832afcfe5104fd6d1b", size = 4477375 },
    { url = "https://files.pythonhosted.org/packages/13/24/1bfba52f44193860918ff7c93d03d95e3f8748ca1de3ceaf11157a14cf16/pillow-10.4.0-cp312-cp312-musllinux_1_2_x86_64.whl", hash = "sha256:37fb69d905be665f68f28a8bba3c6d3223c8efe1edf14cc4cfa06c241f8c81d9", size = 4608773 },
    { url = "https://files.pythonhosted.org/packages/55/04/5e6de6e6120451ec0c24516c41dbaf80cce1b6451f96561235ef2429da2e/pillow-10.4.0-cp312-cp312-win32.whl", hash = "sha256:7dfecdbad5c301d7b5bde160150b4db4c659cee2b69589705b6f8a0c509d9f42", size = 2235690 },
    { url = "https://files.pythonhosted.org/packages/74/0a/d4ce3c44bca8635bd29a2eab5aa181b654a734a29b263ca8efe013beea98/pillow-10.4.0-cp312-cp312-win_amd64.whl", hash = "sha256:1d846aea995ad352d4bdcc847535bd56e0fd88d36829d2c90be880ef1ee4668a", size = 2554951 },
    { url = "https://files.pythonhosted.org/packages/b5/ca/184349ee40f2e92439be9b3502ae6cfc43ac4b50bc4fc6b3de7957563894/pillow-10.4.0-cp312-cp312-win_arm64.whl", hash = "sha256:e553cad5179a66ba15bb18b353a19020e73a7921296a7979c4a2b7f6a5cd57f9", size = 2243427 },
    { url = "https://files.pythonhosted.org/packages/c3/00/706cebe7c2c12a6318aabe5d354836f54adff7156fd9e1bd6c89f4ba0e98/pillow-10.4.0-cp313-cp313-macosx_10_13_x86_64.whl", hash = "sha256:8bc1a764ed8c957a2e9cacf97c8b2b053b70307cf2996aafd70e91a082e70df3", size = 3525685 },
    { url = "https://files.pythonhosted.org/packages/cf/76/f658cbfa49405e5ecbfb9ba42d07074ad9792031267e782d409fd8fe7c69/pillow-10.4.0-cp313-cp313-macosx_11_0_arm64.whl", hash = "sha256:6209bb41dc692ddfee4942517c19ee81b86c864b626dbfca272ec0f7cff5d9fb", size = 3374883 },
    { url = "https://files.pythonhosted.org/packages/46/2b/99c28c4379a85e65378211971c0b430d9c7234b1ec4d59b2668f6299e011/pillow-10.4.0-cp313-cp313-manylinux_2_17_aarch64.manylinux2014_aarch64.whl", hash = "sha256:bee197b30783295d2eb680b311af15a20a8b24024a19c3a26431ff83eb8d1f70", size = 4339837 },
    { url = "https://files.pythonhosted.org/packages/f1/74/b1ec314f624c0c43711fdf0d8076f82d9d802afd58f1d62c2a86878e8615/pillow-10.4.0-cp313-cp313-manylinux_2_17_x86_64.manylinux2014_x86_64.whl", hash = "sha256:1ef61f5dd14c300786318482456481463b9d6b91ebe5ef12f405afbba77ed0be", size = 4455562 },
    { url = "https://files.pythonhosted.org/packages/4a/2a/4b04157cb7b9c74372fa867096a1607e6fedad93a44deeff553ccd307868/pillow-10.4.0-cp313-cp313-manylinux_2_28_aarch64.whl", hash = "sha256:297e388da6e248c98bc4a02e018966af0c5f92dfacf5a5ca22fa01cb3179bca0", size = 4366761 },
    { url = "https://files.pythonhosted.org/packages/ac/7b/8f1d815c1a6a268fe90481232c98dd0e5fa8c75e341a75f060037bd5ceae/pillow-10.4.0-cp313-cp313-manylinux_2_28_x86_64.whl", hash = "sha256:e4db64794ccdf6cb83a59d73405f63adbe2a1887012e308828596100a0b2f6cc", size = 4536767 },
    { url = "https://files.pythonhosted.org/packages/e5/77/05fa64d1f45d12c22c314e7b97398ffb28ef2813a485465017b7978b3ce7/pillow-10.4.0-cp313-cp313-musllinux_1_2_aarch64.whl", hash = "sha256:bd2880a07482090a3bcb01f4265f1936a903d70bc740bfcb1fd4e8a2ffe5cf5a", size = 4477989 },
    { url = "https://files.pythonhosted.org/packages/12/63/b0397cfc2caae05c3fb2f4ed1b4fc4fc878f0243510a7a6034ca59726494/pillow-10.4.0-cp313-cp313-musllinux_1_2_x86_64.whl", hash = "sha256:4b35b21b819ac1dbd1233317adeecd63495f6babf21b7b2512d244ff6c6ce309", size = 4610255 },
    { url = "https://files.pythonhosted.org/packages/7b/f9/cfaa5082ca9bc4a6de66ffe1c12c2d90bf09c309a5f52b27759a596900e7/pillow-10.4.0-cp313-cp313-win32.whl", hash = "sha256:551d3fd6e9dc15e4c1eb6fc4ba2b39c0c7933fa113b220057a34f4bb3268a060", size = 2235603 },
    { url = "https://files.pythonhosted.org/packages/01/6a/30ff0eef6e0c0e71e55ded56a38d4859bf9d3634a94a88743897b5f96936/pillow-10.4.0-cp313-cp313-win_amd64.whl", hash = "sha256:030abdbe43ee02e0de642aee345efa443740aa4d828bfe8e2eb11922ea6a21ea", size = 2554972 },
    { url = "https://files.pythonhosted.org/packages/48/2c/2e0a52890f269435eee38b21c8218e102c621fe8d8df8b9dd06fabf879ba/pillow-10.4.0-cp313-cp313-win_arm64.whl", hash = "sha256:5b001114dd152cfd6b23befeb28d7aee43553e2402c9f159807bf55f33af8a8d", size = 2243375 },
]

[[package]]
name = "pycparser"
version = "2.22"
source = { registry = "https://pypi.org/simple" }
sdist = { url = "https://files.pythonhosted.org/packages/1d/b2/31537cf4b1ca988837256c910a668b553fceb8f069bedc4b1c826024b52c/pycparser-2.22.tar.gz", hash = "sha256:491c8be9c040f5390f5bf44a5b07752bd07f56edf992381b05c701439eec10f6", size = 172736 }
wheels = [
    { url = "https://files.pythonhosted.org/packages/13/a3/a812df4e2dd5696d1f351d58b8fe16a405b234ad2886a0dab9183fb78109/pycparser-2.22-py3-none-any.whl", hash = "sha256:c3702b6d3dd8c7abc1afa565d7e63d53a1d0bd86cdc24edd75470f4de499cfcc", size = 117552 },
]

[[package]]
name = "pydyf"
version = "0.11.0"
source = { registry = "https://pypi.org/simple" }
sdist = { url = "https://files.pythonhosted.org/packages/2e/c2/97fc6ce4ce0045080dc99446def812081b57750ed8aa67bfdfafa4561fe5/pydyf-0.11.0.tar.gz", hash = "sha256:394dddf619cca9d0c55715e3c55ea121a9bf9cbc780cdc1201a2427917b86b64", size = 17769 }
wheels = [
    { url = "https://files.pythonhosted.org/packages/c9/ac/d5db977deaf28c6ecbc61bbca269eb3e8f0b3a1f55c8549e5333e606e005/pydyf-0.11.0-py3-none-any.whl", hash = "sha256:0aaf9e2ebbe786ec7a78ec3fbffa4cdcecde53fd6f563221d53c6bc1328848a3", size = 8104 },
]

[[package]]
name = "pyphen"
version = "0.16.0"
source = { registry = "https://pypi.org/simple" }
sdist = { url = "https://files.pythonhosted.org/packages/33/87/493fc9e2597923a2b02a1facc376a3bf8e682698ae177b340c0c5fd1fdec/pyphen-0.16.0.tar.gz", hash = "sha256:2c006b3ddf072c9571ab97606d9ab3c26a92eaced4c0d59fd1d26988f308f413", size = 2072790 }
wheels = [
    { url = "https://files.pythonhosted.org/packages/52/34/839a8cb56f145abf2da52ba4607b0e45b79fa018cb154fcba149fb76f179/pyphen-0.16.0-py3-none-any.whl", hash = "sha256:b4a4c6d7d5654b698b5fc68123148bb799b3debe0175d1d5dc3edfe93066fc4c", size = 2073300 },
]

[[package]]
name = "python-dotenv"
version = "1.0.1"
source = { registry = "https://pypi.org/simple" }
sdist = { url = "https://files.pythonhosted.org/packages/bc/57/e84d88dfe0aec03b7a2d4327012c1627ab5f03652216c63d49846d7a6c58/python-dotenv-1.0.1.tar.gz", hash = "sha256:e324ee90a023d808f1959c46bcbc04446a10ced277783dc6ee09987c37ec10ca", size = 39115 }
wheels = [
    { url = "https://files.pythonhosted.org/packages/6a/3e/b68c118422ec867fa7ab88444e1274aa40681c606d59ac27de5a5588f082/python_dotenv-1.0.1-py3-none-any.whl", hash = "sha256:f7b63ef50f1b690dddf550d03497b66d609393b40b564ed0d674909a68ebf16a", size = 19863 },
]

[[package]]
name = "ruff"
version = "0.6.2"
source = { registry = "https://pypi.org/simple" }
sdist = { url = "https://files.pythonhosted.org/packages/23/f4/279d044f66b79261fd37df76bf72b64471afab5d3b7906a01499c4451910/ruff-0.6.2.tar.gz", hash = "sha256:239ee6beb9e91feb8e0ec384204a763f36cb53fb895a1a364618c6abb076b3be", size = 2460281 }
wheels = [
    { url = "https://files.pythonhosted.org/packages/72/4b/47dd7a69287afb4069fa42c198e899463605460a58120196711bfcf0446b/ruff-0.6.2-py3-none-linux_armv6l.whl", hash = "sha256:5c8cbc6252deb3ea840ad6a20b0f8583caab0c5ef4f9cca21adc5a92b8f79f3c", size = 9695871 },
    { url = "https://files.pythonhosted.org/packages/ae/c3/8aac62ac4638c14a740ee76a755a925f2d0d04580ab790a9887accb729f6/ruff-0.6.2-py3-none-macosx_10_12_x86_64.whl", hash = "sha256:17002fe241e76544448a8e1e6118abecbe8cd10cf68fde635dad480dba594570", size = 9459354 },
    { url = "https://files.pythonhosted.org/packages/2f/cf/77fbd8d4617b9b9c503f9bffb8552c4e3ea1a58dc36975e7a9104ffb0f85/ruff-0.6.2-py3-none-macosx_11_0_arm64.whl", hash = "sha256:3dbeac76ed13456f8158b8f4fe087bf87882e645c8e8b606dd17b0b66c2c1158", size = 9163871 },
    { url = "https://files.pythonhosted.org/packages/05/1c/765192bab32b79efbb498b06f0b9dcb3629112b53b8777ae1d19b8209e09/ruff-0.6.2-py3-none-manylinux_2_17_aarch64.manylinux2014_aarch64.whl", hash = "sha256:094600ee88cda325988d3f54e3588c46de5c18dae09d683ace278b11f9d4d534", size = 10096250 },
    { url = "https://files.pythonhosted.org/packages/08/d0/86f3cb0f6934c99f759c232984a5204d67a26745cad2d9edff6248adf7d2/ruff-0.6.2-py3-none-manylinux_2_17_armv7l.manylinux2014_armv7l.whl", hash = "sha256:316d418fe258c036ba05fbf7dfc1f7d3d4096db63431546163b472285668132b", size = 9475376 },
    { url = "https://files.pythonhosted.org/packages/cd/cc/4c8d0e225b559a3fae6092ec310d7150d3b02b4669e9223f783ef64d82c0/ruff-0.6.2-py3-none-manylinux_2_17_i686.manylinux2014_i686.whl", hash = "sha256:d72b8b3abf8a2d51b7b9944a41307d2f442558ccb3859bbd87e6ae9be1694a5d", size = 10295634 },
    { url = "https://files.pythonhosted.org/packages/db/96/d2699cfb1bb5a01c68122af43454c76c31331e1c8a9bd97d653d7c82524b/ruff-0.6.2-py3-none-manylinux_2_17_ppc64.manylinux2014_ppc64.whl", hash = "sha256:2aed7e243be68487aa8982e91c6e260982d00da3f38955873aecd5a9204b1d66", size = 11024941 },
    { url = "https://files.pythonhosted.org/packages/8b/a9/6ecd66af8929e0f2a1ed308a4137f3521789f28f0eb97d32c2ca3aa7000c/ruff-0.6.2-py3-none-manylinux_2_17_ppc64le.manylinux2014_ppc64le.whl", hash = "sha256:d371f7fc9cec83497fe7cf5eaf5b76e22a8efce463de5f775a1826197feb9df8", size = 10606894 },
    { url = "https://files.pythonhosted.org/packages/e4/73/2ee4cd19f44992fedac1cc6db9e3d825966072f6dcbd4032f21cbd063170/ruff-0.6.2-py3-none-manylinux_2_17_s390x.manylinux2014_s390x.whl", hash = "sha256:a8f310d63af08f583363dfb844ba8f9417b558199c58a5999215082036d795a1", size = 11552886 },
    { url = "https://files.pythonhosted.org/packages/60/4c/c0f1cd35ce4a93c54a6bb1ee6934a3a205fa02198dd076678193853ceea1/ruff-0.6.2-py3-none-manylinux_2_17_x86_64.manylinux2014_x86_64.whl", hash = "sha256:7db6880c53c56addb8638fe444818183385ec85eeada1d48fc5abe045301b2f1", size = 10264945 },
    { url = "https://files.pythonhosted.org/packages/c4/89/e45c9359b9cdd4245512ea2b9f2bb128a997feaa5f726fc9e8c7a66afadf/ruff-0.6.2-py3-none-musllinux_1_2_aarch64.whl", hash = "sha256:1175d39faadd9a50718f478d23bfc1d4da5743f1ab56af81a2b6caf0a2394f23", size = 10100007 },
    { url = "https://files.pythonhosted.org/packages/06/74/0bd4e0a7ed5f6908df87892f9bf60a2356c0fd74102d8097298bd9b4f346/ruff-0.6.2-py3-none-musllinux_1_2_armv7l.whl", hash = "sha256:5b939f9c86d51635fe486585389f54582f0d65b8238e08c327c1534844b3bb9a", size = 9559267 },
    { url = "https://files.pythonhosted.org/packages/54/03/3dc6dc9419f276f05805bf888c279e3e0b631284abd548d9e87cebb93aec/ruff-0.6.2-py3-none-musllinux_1_2_i686.whl", hash = "sha256:d0d62ca91219f906caf9b187dea50d17353f15ec9bb15aae4a606cd697b49b4c", size = 9905304 },
    { url = "https://files.pythonhosted.org/packages/5c/5b/d6a72a6a6bbf097c09de468326ef5fa1c9e7aa5e6e45979bc0d984b0dbe7/ruff-0.6.2-py3-none-musllinux_1_2_x86_64.whl", hash = "sha256:7438a7288f9d67ed3c8ce4d059e67f7ed65e9fe3aa2ab6f5b4b3610e57e3cb56", size = 10341480 },
    { url = "https://files.pythonhosted.org/packages/79/a9/0f2f21fe15ba537c46598f96aa9ae4a3d4b9ec64926664617ca6a8c772f4/ruff-0.6.2-py3-none-win32.whl", hash = "sha256:279d5f7d86696df5f9549b56b9b6a7f6c72961b619022b5b7999b15db392a4da", size = 7961901 },
    { url = "https://files.pythonhosted.org/packages/b0/80/fff12ffe11853d9f4ea3e5221e6dd2e93640a161c05c9579833e09ad40a7/ruff-0.6.2-py3-none-win_amd64.whl", hash = "sha256:d9f3469c7dd43cd22eb1c3fc16926fb8258d50cb1b216658a07be95dd117b0f2", size = 8783320 },
    { url = "https://files.pythonhosted.org/packages/56/91/577cdd64cce5e74d3f8b5ecb93f29566def569c741eb008aed4f331ef821/ruff-0.6.2-py3-none-win_arm64.whl", hash = "sha256:f28fcd2cd0e02bdf739297516d5643a945cc7caf09bd9bcb4d932540a5ea4fa9", size = 8225886 },
]

[[package]]
name = "sentry-sdk"
version = "2.13.0"
source = { registry = "https://pypi.org/simple" }
dependencies = [
    { name = "certifi" },
    { name = "urllib3" },
]
sdist = { url = "https://files.pythonhosted.org/packages/bb/41/97f673384dae5ed81cc2a568cc5c28e76deee85f8ba50def862e86150a5a/sentry_sdk-2.13.0.tar.gz", hash = "sha256:8d4a576f7a98eb2fdb40e13106e41f330e5c79d72a68be1316e7852cf4995260", size = 279937 }
wheels = [
    { url = "https://files.pythonhosted.org/packages/ad/7e/e9ca09f24a6c334286631a2d32c267cdc5edad5ac03fd9d20a01a82f1c35/sentry_sdk-2.13.0-py2.py3-none-any.whl", hash = "sha256:6beede8fc2ab4043da7f69d95534e320944690680dd9a963178a49de71d726c6", size = 309078 },
]

[[package]]
name = "six"
version = "1.16.0"
source = { registry = "https://pypi.org/simple" }
sdist = { url = "https://files.pythonhosted.org/packages/71/39/171f1c67cd00715f190ba0b100d606d440a28c93c7714febeca8b79af85e/six-1.16.0.tar.gz", hash = "sha256:1e61c37477a1626458e36f7b1d82aa5c9b094fa4802892072e49de9c60c4c926", size = 34041 }
wheels = [
    { url = "https://files.pythonhosted.org/packages/d9/5a/e7c31adbe875f2abbb91bd84cf2dc52d792b5a01506781dbcf25c91daf11/six-1.16.0-py2.py3-none-any.whl", hash = "sha256:8abb2f1d86890a2dfb989f9a77cfcfd3e47c2a354b01111771326f8aa26e0254", size = 11053 },
]

[[package]]
name = "tinycss2"
version = "1.3.0"
source = { registry = "https://pypi.org/simple" }
dependencies = [
    { name = "webencodings" },
]
sdist = { url = "https://files.pythonhosted.org/packages/44/6f/38d2335a2b70b9982d112bb177e3dbe169746423e33f718bf5e9c7b3ddd3/tinycss2-1.3.0.tar.gz", hash = "sha256:152f9acabd296a8375fbca5b84c961ff95971fcfc32e79550c8df8e29118c54d", size = 67360 }
wheels = [
    { url = "https://files.pythonhosted.org/packages/2c/4d/0db5b8a613d2a59bbc29bc5bb44a2f8070eb9ceab11c50d477502a8a0092/tinycss2-1.3.0-py3-none-any.whl", hash = "sha256:54a8dbdffb334d536851be0226030e9505965bb2f30f21a4a82c55fb2a80fae7", size = 22532 },
]

[[package]]
name = "urllib3"
version = "2.2.2"
source = { registry = "https://pypi.org/simple" }
sdist = { url = "https://files.pythonhosted.org/packages/43/6d/fa469ae21497ddc8bc93e5877702dca7cb8f911e337aca7452b5724f1bb6/urllib3-2.2.2.tar.gz", hash = "sha256:dd505485549a7a552833da5e6063639d0d177c04f23bc3864e41e5dc5f612168", size = 292266 }
wheels = [
    { url = "https://files.pythonhosted.org/packages/ca/1c/89ffc63a9605b583d5df2be791a27bc1a42b7c32bab68d3c8f2f73a98cd4/urllib3-2.2.2-py3-none-any.whl", hash = "sha256:a448b2f64d686155468037e1ace9f2d2199776e17f0a46610480d311f73e3472", size = 121444 },
]

[[package]]
name = "weasyprint"
version = "62.3"
source = { registry = "https://pypi.org/simple" }
dependencies = [
    { name = "cffi" },
    { name = "cssselect2" },
    { name = "fonttools", extra = ["woff"] },
    { name = "html5lib" },
    { name = "pillow" },
    { name = "pydyf" },
    { name = "pyphen" },
    { name = "tinycss2" },
]
sdist = { url = "https://files.pythonhosted.org/packages/fd/22/2d76310cd2ea5bbf03c691a08d48626f49853b7261a51bbdc0f834d746ca/weasyprint-62.3.tar.gz", hash = "sha256:8d8680d732f7fa0fcbc587692a5a5cb095c3525627066918d6e203cbf42b7fcd", size = 477181 }
wheels = [
    { url = "https://files.pythonhosted.org/packages/1c/d1/10f4225bec3450e7c0aa5813697ce76eb2dfa1f3c5e530510253b6b276b2/weasyprint-62.3-py3-none-any.whl", hash = "sha256:d31048646ce15084e135b33e334a61f526aa68d2f679fcc109ed0e0f5edaed21", size = 289333 },
]

[[package]]
name = "weasyprint-server"
version = "0.0.1"
source = { editable = "." }
dependencies = [
    { name = "flask" },
    { name = "sentry-sdk" },
    { name = "weasyprint" },
]

[package.dev-dependencies]
dev = [
    { name = "python-dotenv" },
    { name = "ruff" },
]

[package.metadata]
requires-dist = [
    { name = "flask" },
    { name = "sentry-sdk" },
    { name = "weasyprint" },
]

[package.metadata.requires-dev]
dev = [
    { name = "python-dotenv", specifier = ">=1.0.1" },
    { name = "ruff", specifier = ">=0.6.2" },
]

[[package]]
name = "webencodings"
version = "0.5.1"
source = { registry = "https://pypi.org/simple" }
sdist = { url = "https://files.pythonhosted.org/packages/0b/02/ae6ceac1baeda530866a85075641cec12989bd8d31af6d5ab4a3e8c92f47/webencodings-0.5.1.tar.gz", hash = "sha256:b36a1c245f2d304965eb4e0a82848379241dc04b865afcc4aab16748587e1923", size = 9721 }
wheels = [
    { url = "https://files.pythonhosted.org/packages/f4/24/2a3e3df732393fed8b3ebf2ec078f05546de641fe1b667ee316ec1dcf3b7/webencodings-0.5.1-py2.py3-none-any.whl", hash = "sha256:a0af1213f3c2226497a97e2b3aa01a7e4bee4f403f95be16fc9acd2947514a78", size = 11774 },
]

[[package]]
name = "werkzeug"
version = "3.0.4"
source = { registry = "https://pypi.org/simple" }
dependencies = [
    { name = "markupsafe" },
]
sdist = { url = "https://files.pythonhosted.org/packages/0f/e2/6dbcaab07560909ff8f654d3a2e5a60552d937c909455211b1b36d7101dc/werkzeug-3.0.4.tar.gz", hash = "sha256:34f2371506b250df4d4f84bfe7b0921e4762525762bbd936614909fe25cd7306", size = 803966 }
wheels = [
    { url = "https://files.pythonhosted.org/packages/4b/84/997bbf7c2bf2dc3f09565c6d0b4959fefe5355c18c4096cfd26d83e0785b/werkzeug-3.0.4-py3-none-any.whl", hash = "sha256:02c9eb92b7d6c06f31a782811505d2157837cea66aaede3e217c7c27c039476c", size = 227554 },
]

[[package]]
name = "zopfli"
version = "0.2.3"
source = { registry = "https://pypi.org/simple" }
sdist = { url = "https://files.pythonhosted.org/packages/92/d8/71230eb25ede499401a9a39ddf66fab4e4dab149bf75ed2ecea51a662d9e/zopfli-0.2.3.zip", hash = "sha256:dbc9841bedd736041eb5e6982cd92da93bee145745f5422f3795f6f258cdc6ef", size = 205354 }
wheels = [
    { url = "https://files.pythonhosted.org/packages/c9/40/fdea52bd84501684464bcffc403d6c6e09a39098fdb011bc3c40956fee53/zopfli-0.2.3-cp312-cp312-macosx_10_9_universal2.whl", hash = "sha256:2073b07c3ec4fcbc895bb02565a90f9f31373233979f6be398e82eacbd1105f3", size = 295678 },
    { url = "https://files.pythonhosted.org/packages/ce/ff/fc4ad33a1c250ac74dbec9d1dfbdcb92f3ccf0e8151aca110402add473a8/zopfli-0.2.3-cp312-cp312-macosx_10_9_x86_64.whl", hash = "sha256:1f25f1bb6440ed90a1d458772fa6ce53632f5fb61e435b12ae6b9b39af98d758", size = 161479 },
    { url = "https://files.pythonhosted.org/packages/24/40/6a7d5cbcd1041cf19f9b248a29a9bfda14856390358e824363d625c2d062/zopfli-0.2.3-cp312-cp312-manylinux_2_12_i686.manylinux2010_i686.manylinux_2_17_i686.manylinux2014_i686.whl", hash = "sha256:39d8a73bee07cf7f2c73e08508bf788bfdf28a527da353b5d3e2a0ee4aaf770c", size = 823532 },
    { url = "https://files.pythonhosted.org/packages/dc/95/4dfcbc895e340924aa0a656dee6c47bf34fccbdf3583bb9acabf79b9f988/zopfli-0.2.3-cp312-cp312-manylinux_2_17_aarch64.manylinux2014_aarch64.whl", hash = "sha256:d40373db61883f6fc8b7040c9196a16f737e3063632afd15e8b3f25e871a30e8", size = 826448 },
    { url = "https://files.pythonhosted.org/packages/eb/ca/023861cb06595cac37494d8ddc07f8fa7b2b1123469090fbbc5ff86ccdee/zopfli-0.2.3-cp312-cp312-manylinux_2_17_x86_64.manylinux2014_x86_64.whl", hash = "sha256:31c467a300ba46f55aa0ea958ea388e350eefd039cf15764bf4cd737d5eeb8a6", size = 851035 },
    { url = "https://files.pythonhosted.org/packages/00/d0/72fbe612fd32314604a253c656750ebb2e9f2a75ed024d88e6280601ca62/zopfli-0.2.3-cp312-cp312-musllinux_1_1_aarch64.whl", hash = "sha256:c3c61787a90439cf68f751b2a1ab789b0805876c0cd9b58398adc212d1eeace5", size = 1357721 },
    { url = "https://files.pythonhosted.org/packages/6b/3c/eea1507d2aed0fcec0a0fc0c15d431142bd4325e75f4f323bbbe312e5c5a/zopfli-0.2.3-cp312-cp312-musllinux_1_1_i686.whl", hash = "sha256:3e4675ca4c7b1215b8a53cec1831cbdb6914f91ea2f183817a06fc7b38e27642", size = 1383763 },
    { url = "https://files.pythonhosted.org/packages/3a/ce/0fbfe45e566dedf8c8fc2ed0aba74faf8da8df51efd4112d79b23ae714a0/zopfli-0.2.3-cp312-cp312-musllinux_1_1_x86_64.whl", hash = "sha256:f48de4818c10c539fdd01276512043ae4ae738e0301e9cace1dd38f4bcffad6a", size = 1389078 },
    { url = "https://files.pythonhosted.org/packages/a8/9d/bca3a910753ea1e5ca5c1cb33c8454be2cf5c8a55cc13c51dbd92f829c8a/zopfli-0.2.3-cp312-cp312-win32.whl", hash = "sha256:7769f6ca73f37dff92159127bd25b0cc7d81d3feb819d355dc7ac01ad05c673d", size = 81201 },
    { url = "https://files.pythonhosted.org/packages/dc/9d/633f072f4c5d5289fcb8bb1494283e40a90ab578b4911d47b8d45910b020/zopfli-0.2.3-cp312-cp312-win_amd64.whl", hash = "sha256:1c5fd29730024f5fb0e2623e3853ca422bd3cf57042389c8e0e771dc47f88084", size = 97752 },
]
